
Microsoft Visual Studio Solution File, Format Version 12.00
# Visual Studio Version 16
VisualStudioVersion = 16.0.31624.102
MinimumVisualStudioVersion = 10.0.40219.1
Project("{FAE04EC0-301F-11D3-BF4B-00C04F79EFBC}") = "Programmers-QueueSum", "Programmers-QueueSum.csproj", "{F73A0228-85D1-4045-B619-6C8B29F917BF}"
EndProject
Global
	GlobalSection(SolutionConfigurationPlatforms) = preSolution
		Debug|Any CPU = Debug|Any CPU
		Release|Any CPU = Release|Any CPU
	EndGlobalSection
	GlobalSection(ProjectConfigurationPlatforms) = postSolution
		{F73A0228-85D1-4045-B619-6C8B29F917BF}.Debug|Any CPU.ActiveCfg = Debug|Any CPU
		{F73A0228-85D1-4045-B619-6C8B29F917BF}.Debug|Any CPU.Build.0 = Debug|Any CPU
		{F73A0228-85D1-4045-B619-6C8B29F917BF}.Release|Any CPU.ActiveCfg = Release|Any CPU
		{F73A0228-85D1-4045-B619-6C8B29F917BF}.Release|Any CPU.Build.0 = Release|Any CPU
	EndGlobalSection
	GlobalSection(SolutionProperties) = preSolution
		HideSolutionNode = FALSE
	EndGlobalSection
	GlobalSection(ExtensibilityGlobals) = postSolution
		SolutionGuid = {E95A5815-A843-4EE1-837F-E7769C515C2B}
	EndGlobalSection
EndGlobal
