
Microsoft Visual Studio Solution File, Format Version 12.00
# Visual Studio Version 16
VisualStudioVersion = 16.0.31624.102
MinimumVisualStudioVersion = 10.0.40219.1
Project("{FAE04EC0-301F-11D3-BF4B-00C04F79EFBC}") = "Programmers-JumpingWays", "Programmers-JumpingWays.csproj", "{B9FC9933-D3A9-40DB-9B49-1C03DE829E0F}"
EndProject
Global
	GlobalSection(SolutionConfigurationPlatforms) = preSolution
		Debug|Any CPU = Debug|Any CPU
		Release|Any CPU = Release|Any CPU
	EndGlobalSection
	GlobalSection(ProjectConfigurationPlatforms) = postSolution
		{B9FC9933-D3A9-40DB-9B49-1C03DE829E0F}.Debug|Any CPU.ActiveCfg = Debug|Any CPU
		{B9FC9933-D3A9-40DB-9B49-1C03DE829E0F}.Debug|Any CPU.Build.0 = Debug|Any CPU
		{B9FC9933-D3A9-40DB-9B49-1C03DE829E0F}.Release|Any CPU.ActiveCfg = Release|Any CPU
		{B9FC9933-D3A9-40DB-9B49-1C03DE829E0F}.Release|Any CPU.Build.0 = Release|Any CPU
	EndGlobalSection
	GlobalSection(SolutionProperties) = preSolution
		HideSolutionNode = FALSE
	EndGlobalSection
	GlobalSection(ExtensibilityGlobals) = postSolution
		SolutionGuid = {2F3FB89E-CA81-4763-BFB2-6CA7D3DAF5A0}
	EndGlobalSection
EndGlobal
